{
  "lockfile_version": "1",
  "packages": {
    "bun@latest": {
      "last_modified": "2026-03-01T09:58:01Z",
      "resolved": "github:NixOS/nixpkgs/42bbf3e1e000963f4f3f37daa822c67c4d8856c4#bun",
      "source": "devbox-search",
      "version": "1.3.10",
      "systems": {
        "aarch64-darwin": {
          "outputs": [
            {
              "name": "out",
              "path": "/nix/store/7x4dmbrjq24hgpzs1g6jxi3gm207ypkd-bun-1.3.10",
              "default": true
            }
          ],
          "store_path": "/nix/store/7x4dmbrjq24hgpzs1g6jxi3gm207ypkd-bun-1.3.10"
        },
        "aarch64-linux": {
          "outputs": [
            {
              "name": "out",
              "path": "/nix/store/ffdcfkl3kpdwagswlwlff6qazxkj4cag-bun-1.3.10",
              "default": true
            }
          ],
          "store_path": "/nix/store/ffdcfkl3kpdwagswlwlff6qazxkj4cag-bun-1.3.10"
        },
        "x86_64-darwin": {
          "outputs": [
            {
              "name": "out",
              "path": "/nix/store/qkjsfzy7naprhq69rway95b0xdpbq81s-bun-1.3.10",
              "default": true
            }
          ],
          "store_path": "/nix/store/qkjsfzy7naprhq69rway95b0xdpbq81s-bun-1.3.10"
        },
        "x86_64-linux": {
          "outputs": [
            {
              "name": "out",
              "path": "/nix/store/ffgyf7g2n4gbhi1zgbcphssivfah1c4s-bun-1.3.10",
              "default": true
            }
          ],
          "store_path": "/nix/store/ffgyf7g2n4gbhi1zgbcphssivfah1c4s-bun-1.3.10"
        }
      }
    },
    "github:NixOS/nixpkgs/nixpkgs-unstable": {
      "last_modified": "2026-03-10T02:35:18Z",
      "resolved": "github:NixOS/nixpkgs/e607cb5360ff1234862ac9f8839522becb853bb9?lastModified=1773110118"
    },
    "markdownlint-cli2@latest": {
      "last_modified": "2026-02-23T15:40:43Z",
      "resolved": "github:NixOS/nixpkgs/80d901ec0377e19ac3f7bb8c035201e2e098cc97#markdownlint-cli2",
      "source": "devbox-search",
      "version": "0.21.0",
      "systems": {
        "aarch64-darwin": {
          "outputs": [
            {
              "name": "out",
              "path": "/nix/store/mjyv680jfgwwwjvs7bd5jf28ircfhsj8-markdownlint-cli2-0.21.0",
              "default": true
            }
          ],
          "store_path": "/nix/store/mjyv680jfgwwwjvs7bd5jf28ircfhsj8-markdownlint-cli2-0.21.0"
        },
        "aarch64-linux": {
          "outputs": [
            {
              "name": "out",
              "path": "/nix/store/z4rdzzrf6kwzl9q8dbzc8gcgcgirw6sx-markdownlint-cli2-0.21.0",
              "default": true
            }
          ],
          "store_path": "/nix/store/z4rdzzrf6kwzl9q8dbzc8gcgcgirw6sx-markdownlint-cli2-0.21.0"
        },
        "x86_64-darwin": {
          "outputs": [
            {
              "name": "out",
              "path": "/nix/store/qvjgpk3rzd8y7gj19w42zpswzygwpzwx-markdownlint-cli2-0.21.0",
              "default": true
            }
          ],
          "store_path": "/nix/store/qvjgpk3rzd8y7gj19w42zpswzygwpzwx-markdownlint-cli2-0.21.0"
        },
        "x86_64-linux": {
          "outputs": [
            {
              "name": "out",
              "path": "/nix/store/4mis72r8nqdx32vc3mk3wkaszq29ngzn-markdownlint-cli2-0.21.0",
              "default": true
            }
          ],
          "store_path": "/nix/store/4mis72r8nqdx32vc3mk3wkaszq29ngzn-markdownlint-cli2-0.21.0"
        }
      }
    },
    "nodejs@24": {
      "last_modified": "2025-12-27T12:56:01Z",
      "plugin_version": "0.0.2",
      "resolved": "github:NixOS/nixpkgs/3edc4a30ed3903fdf6f90c837f961fa6b49582d1#nodejs_24",
      "source": "devbox-search",
      "version": "24.12.0",
      "systems": {
        "aarch64-darwin": {
          "outputs": [
            {
              "name": "out",
              "path": "/nix/store/b1h0af3yb3z9jz048phclcqw6ihiww67-nodejs-24.12.0",
              "default": true
            },
            {
              "name": "dev",
              "path": "/nix/store/ksn4nj0nbp0ikmh4scy9x4biqqdswwhy-nodejs-24.12.0-dev"
            },
            {
              "name": "libv8",
              "path": "/nix/store/3x72bm7l30ib7l7cximrp0sklcq8jqwy-nodejs-24.12.0-libv8"
            }
          ],
          "store_path": "/nix/store/b1h0af3yb3z9jz048phclcqw6ihiww67-nodejs-24.12.0"
        },
        "aarch64-linux": {
          "outputs": [
            {
              "name": "out",
              "path": "/nix/store/9jfsyhcr9c6rpm94lrkibv75jkggvwss-nodejs-24.12.0",
              "default": true
            },
            {
              "name": "dev",
              "path": "/nix/store/7izhv9x1yvsmyrhmmyps6bxjjclajm80-nodejs-24.12.0-dev"
            },
            {
              "name": "libv8",
              "path": "/nix/store/8hl74pnc1qyz68rg10ixw7fz32hcxqkk-nodejs-24.12.0-libv8"
            }
          ],
          "store_path": "/nix/store/9jfsyhcr9c6rpm94lrkibv75jkggvwss-nodejs-24.12.0"
        },
        "x86_64-darwin": {
          "outputs": [
            {
              "name": "out",
              "path": "/nix/store/cj1243xswxvnwgifyiyg8axhn0r2vl48-nodejs-24.12.0",
              "default": true
            },
            {
              "name": "dev",
              "path": "/nix/store/kzia3rkaf9vwpn3py23q9v49jpjm6zx7-nodejs-24.12.0-dev"
            },
            {
              "name": "libv8",
              "path": "/nix/store/xszji81xj7ghjhz7jk0jkhb84nfwyd8f-nodejs-24.12.0-libv8"
            }
          ],
          "store_path": "/nix/store/cj1243xswxvnwgifyiyg8axhn0r2vl48-nodejs-24.12.0"
        },
        "x86_64-linux": {
          "outputs": [
            {
              "name": "out",
              "path": "/nix/store/9z1v3wyrxp6fpyzw21lcakd5w7aknzyc-nodejs-24.12.0",
              "default": true
            },
            {
              "name": "libv8",
              "path": "/nix/store/5yvx909wlis13qd2y1ahwl7ij21ma69a-nodejs-24.12.0-libv8"
            },
            {
              "name": "dev",
              "path": "/nix/store/7ll99p08gmpg0n048669p80zjibl5akr-nodejs-24.12.0-dev"
            }
          ],
          "store_path": "/nix/store/9z1v3wyrxp6fpyzw21lcakd5w7aknzyc-nodejs-24.12.0"
        }
      }
    },
    "sqlite@latest": {
      "last_modified": "2026-03-01T09:58:01Z",
      "resolved": "github:NixOS/nixpkgs/42bbf3e1e000963f4f3f37daa822c67c4d8856c4#sqlite",
      "source": "devbox-search",
      "version": "3.51.2",
      "systems": {
        "aarch64-darwin": {
          "outputs": [
            {
              "name": "bin",
              "path": "/nix/store/h7mm7vizdfzx9dkz8yvq1h3z1dkvk68k-sqlite-3.51.2-bin",
              "default": true
            },
            {
              "name": "man",
              "path": "/nix/store/3rr70fkzzwyvizkjbghbpfyy0xnpk7c8-sqlite-3.51.2-man",
              "default": true
            },
            {
              "name": "dev",
              "path": "/nix/store/g3pqc7h5cyvq69xi1ci4s73cn3h5rx93-sqlite-3.51.2-dev"
            },
            {
              "name": "doc",
              "path": "/nix/store/wkgrqxrqkn7pg26g9r02amdbhgqqa596-sqlite-3.51.2-doc"
            },
            {
              "name": "out",
              "path": "/nix/store/n78wl37nhy4qfspmkl37ib43fl9mgzkl-sqlite-3.51.2"
            }
          ],
          "store_path": "/nix/store/h7mm7vizdfzx9dkz8yvq1h3z1dkvk68k-sqlite-3.51.2-bin"
        },
        "aarch64-linux": {
          "outputs": [
            {
              "name": "bin",
              "path": "/nix/store/8nlaycnvd4dc6q7vdh9nmda5rfw2wq1l-sqlite-3.51.2-bin",
              "default": true
            },
            {
              "name": "man",
              "path": "/nix/store/q391c8xkvjy9q7qr2h18f6hci3gsyfmy-sqlite-3.51.2-man",
              "default": true
            },
            {
              "name": "out",
              "path": "/nix/store/0abc9j54cpa41gmdcibp2hcyycd4w2dx-sqlite-3.51.2"
            },
            {
              "name": "debug",
              "path": "/nix/store/wr8dr1fpnv9qb4n3hvl8h56yf613605w-sqlite-3.51.2-debug"
            },
            {
              "name": "dev",
              "path": "/nix/store/hxcb0bf92dz5xm5i9ksb54m78d9mnbkv-sqlite-3.51.2-dev"
            },
            {
              "name": "doc",
              "path": "/nix/store/66hhhlpis6bxgvjq2bnd7m97qryzmpjd-sqlite-3.51.2-doc"
            }
          ],
          "store_path": "/nix/store/8nlaycnvd4dc6q7vdh9nmda5rfw2wq1l-sqlite-3.51.2-bin"
        },
        "x86_64-darwin": {
          "outputs": [
            {
              "name": "bin",
              "path": "/nix/store/3n7rwbzrqg3v9x1zkcyca2p7vqn6006k-sqlite-3.51.2-bin",
              "default": true
            },
            {
              "name": "man",
              "path": "/nix/store/6n9alxra4pk4gcvirric8676p0nvajgx-sqlite-3.51.2-man",
              "default": true
            },
            {
              "name": "dev",
              "path": "/nix/store/vwzw5yj8z88sza9sczg9ra8lfx6zqv1f-sqlite-3.51.2-dev"
            },
            {
              "name": "doc",
              "path": "/nix/store/s7dhcwp8c67s3711g3cavn8pcm7q6d0d-sqlite-3.51.2-doc"
            },
            {
              "name": "out",
              "path": "/nix/store/vr5ff6vjdy7z2g7zsnr2fhd83fdb22j6-sqlite-3.51.2"
            }
          ],
          "store_path": "/nix/store/3n7rwbzrqg3v9x1zkcyca2p7vqn6006k-sqlite-3.51.2-bin"
        },
        "x86_64-linux": {
          "outputs": [
            {
              "name": "bin",
              "path": "/nix/store/k87a0gv4hg1zmm8j5d3ffmxyvhr13i41-sqlite-3.51.2-bin",
              "default": true
            },
            {
              "name": "man",
              "path": "/nix/store/msdk5dj7zsrxyzdfirfdj2pgff5s2qbn-sqlite-3.51.2-man",
              "default": true
            },
            {
              "name": "debug",
              "path": "/nix/store/npq7nfarcsgqd0ks8x0crlksiy5lvvfn-sqlite-3.51.2-debug"
            },
            {
              "name": "dev",
              "path": "/nix/store/5j4mx4vckmmms2spy8x8kqjxcb12kpf5-sqlite-3.51.2-dev"
            },
            {
              "name": "doc",
              "path": "/nix/store/ggx362g7cci0gjlyd3kc39gcbkwrzvkz-sqlite-3.51.2-doc"
            },
            {
              "name": "out",
              "path": "/nix/store/whs07fdxlw22fi8b3jzd2z871dh41qx6-sqlite-3.51.2"
            }
          ],
          "store_path": "/nix/store/k87a0gv4hg1zmm8j5d3ffmxyvhr13i41-sqlite-3.51.2-bin"
        }
      }
    }
  }
}
