{
  "lockfile_version": "1",
  "packages": {
    "github:NixOS/nixpkgs/nixpkgs-unstable": {
      "last_modified": "2026-01-20T02:11:35Z",
      "resolved": "github:NixOS/nixpkgs/ed142ab1b3a092c4d149245d0c4126a5d7ea00b0?lastModified=1768875095"
    },
    "markdownlint-cli2@latest": {
      "last_modified": "2026-01-20T02:11:35Z",
      "resolved": "github:NixOS/nixpkgs/ed142ab1b3a092c4d149245d0c4126a5d7ea00b0#markdownlint-cli2",
      "source": "devbox-search",
      "version": "0.20.0",
      "systems": {
        "aarch64-darwin": {
          "outputs": [
            {
              "name": "out",
              "path": "/nix/store/pn75mvy495ibm5pslqrsa0fgn7kns0kw-markdownlint-cli2-0.20.0",
              "default": true
            }
          ],
          "store_path": "/nix/store/pn75mvy495ibm5pslqrsa0fgn7kns0kw-markdownlint-cli2-0.20.0"
        },
        "aarch64-linux": {
          "outputs": [
            {
              "name": "out",
              "path": "/nix/store/3w1yw7fs5vl5dw3s7wgm1z5k3bpqg2a5-markdownlint-cli2-0.20.0",
              "default": true
            }
          ],
          "store_path": "/nix/store/3w1yw7fs5vl5dw3s7wgm1z5k3bpqg2a5-markdownlint-cli2-0.20.0"
        },
        "x86_64-darwin": {
          "outputs": [
            {
              "name": "out",
              "path": "/nix/store/5yl50ghp8bizlv2v6qmczcxbwwdvwb00-markdownlint-cli2-0.20.0",
              "default": true
            }
          ],
          "store_path": "/nix/store/5yl50ghp8bizlv2v6qmczcxbwwdvwb00-markdownlint-cli2-0.20.0"
        },
        "x86_64-linux": {
          "outputs": [
            {
              "name": "out",
              "path": "/nix/store/0n0fy1dicg722hn9dmq1i4jscg6b7c84-markdownlint-cli2-0.20.0",
              "default": true
            }
          ],
          "store_path": "/nix/store/0n0fy1dicg722hn9dmq1i4jscg6b7c84-markdownlint-cli2-0.20.0"
        }
      }
    },
    "nodejs@24": {
      "last_modified": "2025-12-27T12:56:01Z",
      "plugin_version": "0.0.2",
      "resolved": "github:NixOS/nixpkgs/3edc4a30ed3903fdf6f90c837f961fa6b49582d1#nodejs_24",
      "source": "devbox-search",
      "version": "24.12.0",
      "systems": {
        "aarch64-darwin": {
          "outputs": [
            {
              "name": "out",
              "path": "/nix/store/b1h0af3yb3z9jz048phclcqw6ihiww67-nodejs-24.12.0",
              "default": true
            },
            {
              "name": "dev",
              "path": "/nix/store/ksn4nj0nbp0ikmh4scy9x4biqqdswwhy-nodejs-24.12.0-dev"
            },
            {
              "name": "libv8",
              "path": "/nix/store/3x72bm7l30ib7l7cximrp0sklcq8jqwy-nodejs-24.12.0-libv8"
            }
          ],
          "store_path": "/nix/store/b1h0af3yb3z9jz048phclcqw6ihiww67-nodejs-24.12.0"
        },
        "aarch64-linux": {
          "outputs": [
            {
              "name": "out",
              "path": "/nix/store/9jfsyhcr9c6rpm94lrkibv75jkggvwss-nodejs-24.12.0",
              "default": true
            },
            {
              "name": "dev",
              "path": "/nix/store/7izhv9x1yvsmyrhmmyps6bxjjclajm80-nodejs-24.12.0-dev"
            },
            {
              "name": "libv8",
              "path": "/nix/store/8hl74pnc1qyz68rg10ixw7fz32hcxqkk-nodejs-24.12.0-libv8"
            }
          ],
          "store_path": "/nix/store/9jfsyhcr9c6rpm94lrkibv75jkggvwss-nodejs-24.12.0"
        },
        "x86_64-darwin": {
          "outputs": [
            {
              "name": "out",
              "path": "/nix/store/cj1243xswxvnwgifyiyg8axhn0r2vl48-nodejs-24.12.0",
              "default": true
            },
            {
              "name": "dev",
              "path": "/nix/store/kzia3rkaf9vwpn3py23q9v49jpjm6zx7-nodejs-24.12.0-dev"
            },
            {
              "name": "libv8",
              "path": "/nix/store/xszji81xj7ghjhz7jk0jkhb84nfwyd8f-nodejs-24.12.0-libv8"
            }
          ],
          "store_path": "/nix/store/cj1243xswxvnwgifyiyg8axhn0r2vl48-nodejs-24.12.0"
        },
        "x86_64-linux": {
          "outputs": [
            {
              "name": "out",
              "path": "/nix/store/9z1v3wyrxp6fpyzw21lcakd5w7aknzyc-nodejs-24.12.0",
              "default": true
            },
            {
              "name": "libv8",
              "path": "/nix/store/5yvx909wlis13qd2y1ahwl7ij21ma69a-nodejs-24.12.0-libv8"
            },
            {
              "name": "dev",
              "path": "/nix/store/7ll99p08gmpg0n048669p80zjibl5akr-nodejs-24.12.0-dev"
            }
          ],
          "store_path": "/nix/store/9z1v3wyrxp6fpyzw21lcakd5w7aknzyc-nodejs-24.12.0"
        }
      }
    },
    "pnpm@latest": {
      "last_modified": "2026-01-16T13:18:18Z",
      "resolved": "github:NixOS/nixpkgs/be5afa0fcb31f0a96bf9ecba05a516c66fcd8114#pnpm",
      "source": "devbox-search",
      "version": "10.28.0",
      "systems": {
        "aarch64-darwin": {
          "outputs": [
            {
              "name": "out",
              "path": "/nix/store/gm3mvwdq8lzgwrracc39c56bsw48gcdm-pnpm-10.28.0",
              "default": true
            }
          ],
          "store_path": "/nix/store/gm3mvwdq8lzgwrracc39c56bsw48gcdm-pnpm-10.28.0"
        },
        "aarch64-linux": {
          "outputs": [
            {
              "name": "out",
              "path": "/nix/store/v0hvwsn642v04v43i1cp6wpw659mk0fh-pnpm-10.28.0",
              "default": true
            }
          ],
          "store_path": "/nix/store/v0hvwsn642v04v43i1cp6wpw659mk0fh-pnpm-10.28.0"
        },
        "x86_64-darwin": {
          "outputs": [
            {
              "name": "out",
              "path": "/nix/store/37719x03mhk4f155zxvajh4z35yilg3v-pnpm-10.28.0",
              "default": true
            }
          ],
          "store_path": "/nix/store/37719x03mhk4f155zxvajh4z35yilg3v-pnpm-10.28.0"
        },
        "x86_64-linux": {
          "outputs": [
            {
              "name": "out",
              "path": "/nix/store/rsqvnapfwyal6iw70p5nrk3vng3qdprw-pnpm-10.28.0",
              "default": true
            }
          ],
          "store_path": "/nix/store/rsqvnapfwyal6iw70p5nrk3vng3qdprw-pnpm-10.28.0"
        }
      }
    },
    "sqlite@latest": {
      "last_modified": "2026-01-20T02:11:35Z",
      "resolved": "github:NixOS/nixpkgs/ed142ab1b3a092c4d149245d0c4126a5d7ea00b0#sqlite",
      "source": "devbox-search",
      "version": "3.51.1",
      "systems": {
        "aarch64-darwin": {
          "outputs": [
            {
              "name": "bin",
              "path": "/nix/store/a186f18sdws3qklx5va41s7ifw7bsb00-sqlite-3.51.1-bin",
              "default": true
            },
            {
              "name": "man",
              "path": "/nix/store/gkzxfzbwrhhg2ravkl9dkjdsg513a8mk-sqlite-3.51.1-man",
              "default": true
            },
            {
              "name": "doc",
              "path": "/nix/store/y9v5vg60im2d4pg26d21f89lkfsnkbwc-sqlite-3.51.1-doc"
            },
            {
              "name": "out",
              "path": "/nix/store/6yawzw96lhv44d6rfkk8l5k22srfc81q-sqlite-3.51.1"
            },
            {
              "name": "dev",
              "path": "/nix/store/x41hb0yp57sld90svdj6avg6wkpjh49w-sqlite-3.51.1-dev"
            }
          ],
          "store_path": "/nix/store/a186f18sdws3qklx5va41s7ifw7bsb00-sqlite-3.51.1-bin"
        },
        "aarch64-linux": {
          "outputs": [
            {
              "name": "bin",
              "path": "/nix/store/9prciviq1v39c1xfg7zz1dnh3gf54071-sqlite-3.51.1-bin",
              "default": true
            },
            {
              "name": "man",
              "path": "/nix/store/v0i0f74zf9ap6lm6gyi500hx04pg4lkv-sqlite-3.51.1-man",
              "default": true
            },
            {
              "name": "doc",
              "path": "/nix/store/kkq2w59ryaiwjfc1ffrd3pf7s5pkfbm9-sqlite-3.51.1-doc"
            },
            {
              "name": "out",
              "path": "/nix/store/kg79jrqc5cpf4y8xdq4skxfhwnwkv4nq-sqlite-3.51.1"
            },
            {
              "name": "debug",
              "path": "/nix/store/hjycafslwds8364ykxrcn98fm34pznq0-sqlite-3.51.1-debug"
            },
            {
              "name": "dev",
              "path": "/nix/store/ayxchn2mch6cx8kjapnffsp0rpg63z8i-sqlite-3.51.1-dev"
            }
          ],
          "store_path": "/nix/store/9prciviq1v39c1xfg7zz1dnh3gf54071-sqlite-3.51.1-bin"
        },
        "x86_64-darwin": {
          "outputs": [
            {
              "name": "bin",
              "path": "/nix/store/yiflnvqlacl3m8dwk32v2jkcvk880db9-sqlite-3.51.1-bin",
              "default": true
            },
            {
              "name": "man",
              "path": "/nix/store/3ds853wgkqb16ak9bw5dz2dh3529i7j4-sqlite-3.51.1-man",
              "default": true
            },
            {
              "name": "dev",
              "path": "/nix/store/7mkpb5j5am0kb1x4bslpr4wkfnpa2ifa-sqlite-3.51.1-dev"
            },
            {
              "name": "doc",
              "path": "/nix/store/yxpcziz52mnywkp0bdv8hfll6zp0hjxz-sqlite-3.51.1-doc"
            },
            {
              "name": "out",
              "path": "/nix/store/3s77d97c92iwc8vka16ax5fdw0hq82bk-sqlite-3.51.1"
            }
          ],
          "store_path": "/nix/store/yiflnvqlacl3m8dwk32v2jkcvk880db9-sqlite-3.51.1-bin"
        },
        "x86_64-linux": {
          "outputs": [
            {
              "name": "bin",
              "path": "/nix/store/lbm0vi6xqrmvin5a9cj7v69qc5ayg5q0-sqlite-3.51.1-bin",
              "default": true
            },
            {
              "name": "man",
              "path": "/nix/store/943jfmi9yq1yva0c1d50p9pzmssg47c6-sqlite-3.51.1-man",
              "default": true
            },
            {
              "name": "dev",
              "path": "/nix/store/byl3w16n1zd8rnx040afcyy8zhn996w1-sqlite-3.51.1-dev"
            },
            {
              "name": "doc",
              "path": "/nix/store/ki6c1dpgsijg715nkgciyg3zsksixyq4-sqlite-3.51.1-doc"
            },
            {
              "name": "out",
              "path": "/nix/store/f6zwd0xdld51287as0sv79kbaf2pcayh-sqlite-3.51.1"
            },
            {
              "name": "debug",
              "path": "/nix/store/az4zy215sxq147n227i99fgggzj9cqpy-sqlite-3.51.1-debug"
            }
          ],
          "store_path": "/nix/store/lbm0vi6xqrmvin5a9cj7v69qc5ayg5q0-sqlite-3.51.1-bin"
        }
      }
    }
  }
}
